# This file was autogenerated by Stack.
# You should not edit this file by hand.
# For more information, please see the documentation at:
#   https://docs.haskellstack.org/en/stable/lock_files

packages: []
snapshots:
- completed:
    sha256: 115674151ad964c0fd97e784ce76b5c5ec0a7f09cd2ddbcaaa4f9f3f1899fd69
    size: 611659
    url: https://raw.githubusercontent.com/commercialhaskell/stackage-snapshots/master/nightly/2024/12/16.yaml
  original: nightly-2024-12-16
